// !$*UTF8*$!
{
	archiveVersion = 1;
	classes = {
	};
	objectVersion = 46;
	objects = {

/* Begin PBXBuildFile section */
		A857DF8F1A714FBC00CBF247 /* MyMutableDictionary.m in Sources */ = {isa = PBXBuildFile; fileRef = A857DF8E1A714FBC00CBF247 /* MyMutableDictionary.m */; settings = {COMPILER_FLAGS = "-fno-objc-arc"; }; };
		A857DF921A71525D00CBF247 /* _MyMutableDictionaryBucket.m in Sources */ = {isa = PBXBuildFile; fileRef = A857DF911A71525D00CBF247 /* _MyMutableDictionaryBucket.m */; settings = {COMPILER_FLAGS = "-fno-objc-arc"; }; };
		A857DF951A71530800CBF247 /* _MyBlockEnumerator.m in Sources */ = {isa = PBXBuildFile; fileRef = A857DF941A71530800CBF247 /* _MyBlockEnumerator.m */; settings = {COMPILER_FLAGS = "-fno-objc-arc"; }; };
		A857DF981A7153EE00CBF247 /* MyFixedMutableDictionary.m in Sources */ = {isa = PBXBuildFile; fileRef = A857DF971A7153EE00CBF247 /* MyFixedMutableDictionary.m */; settings = {COMPILER_FLAGS = "-fno-objc-arc"; }; };
		B7CF8AF91A7020A50017593E /* main.m in Sources */ = {isa = PBXBuildFile; fileRef = B7CF8AF81A7020A50017593E /* main.m */; };
		B7CF8B011A703BAD0017593E /* MyMutableArray.m in Sources */ = {isa = PBXBuildFile; fileRef = B7CF8B001A703BAD0017593E /* MyMutableArray.m */; settings = {COMPILER_FLAGS = "-fno-objc-arc"; }; };
/* End PBXBuildFile section */

/* Begin PBXCopyFilesBuildPhase section */
		B7CF8AF31A7020A50017593E /* CopyFiles */ = {
			isa = PBXCopyFilesBuildPhase;
			buildActionMask = 2147483647;
			dstPath = /usr/share/man/man1/;
			dstSubfolderSpec = 0;
			files = (
			);
			runOnlyForDeploymentPostprocessing = 1;
		};
/* End PBXCopyFilesBuildPhase section */

/* Begin PBXFileReference section */
		A857DF8D1A714FBC00CBF247 /* MyMutableDictionary.h */ = {isa = PBXFileReference; fileEncoding = 4; lastKnownFileType = sourcecode.c.h; path = MyMutableDictionary.h; sourceTree = "<group>"; };
		A857DF8E1A714FBC00CBF247 /* MyMutableDictionary.m */ = {isa = PBXFileReference; fileEncoding = 4; lastKnownFileType = sourcecode.c.objc; path = MyMutableDictionary.m; sourceTree = "<group>"; };
		A857DF901A71525D00CBF247 /* _MyMutableDictionaryBucket.h */ = {isa = PBXFileReference; fileEncoding = 4; lastKnownFileType = sourcecode.c.h; path = _MyMutableDictionaryBucket.h; sourceTree = "<group>"; };
		A857DF911A71525D00CBF247 /* _MyMutableDictionaryBucket.m */ = {isa = PBXFileReference; fileEncoding = 4; lastKnownFileType = sourcecode.c.objc; path = _MyMutableDictionaryBucket.m; sourceTree = "<group>"; };
		A857DF931A71530800CBF247 /* _MyBlockEnumerator.h */ = {isa = PBXFileReference; fileEncoding = 4; lastKnownFileType = sourcecode.c.h; path = _MyBlockEnumerator.h; sourceTree = "<group>"; };
		A857DF941A71530800CBF247 /* _MyBlockEnumerator.m */ = {isa = PBXFileReference; fileEncoding = 4; lastKnownFileType = sourcecode.c.objc; path = _MyBlockEnumerator.m; sourceTree = "<group>"; };
		A857DF961A7153EE00CBF247 /* MyFixedMutableDictionary.h */ = {isa = PBXFileReference; fileEncoding = 4; lastKnownFileType = sourcecode.c.h; path = MyFixedMutableDictionary.h; sourceTree = "<group>"; };
		A857DF971A7153EE00CBF247 /* MyFixedMutableDictionary.m */ = {isa = PBXFileReference; fileEncoding = 4; lastKnownFileType = sourcecode.c.objc; path = MyFixedMutableDictionary.m; sourceTree = "<group>"; };
		B7CF8AF51A7020A50017593E /* Benchmarking */ = {isa = PBXFileReference; explicitFileType = "compiled.mach-o.executable"; includeInIndex = 0; path = Benchmarking; sourceTree = BUILT_PRODUCTS_DIR; };
		B7CF8AF81A7020A50017593E /* main.m */ = {isa = PBXFileReference; lastKnownFileType = sourcecode.c.objc; path = main.m; sourceTree = "<group>"; };
		B7CF8AFF1A703BAD0017593E /* MyMutableArray.h */ = {isa = PBXFileReference; fileEncoding = 4; lastKnownFileType = sourcecode.c.h; path = MyMutableArray.h; sourceTree = "<group>"; };
		B7CF8B001A703BAD0017593E /* MyMutableArray.m */ = {isa = PBXFileReference; fileEncoding = 4; lastKnownFileType = sourcecode.c.objc; path = MyMutableArray.m; sourceTree = "<group>"; };
		B7CF8B0D1A7057920017593E /* QuartzCore.framework */ = {isa = PBXFileReference; lastKnownFileType = wrapper.framework; name = QuartzCore.framework; path = System/Library/Frameworks/QuartzCore.framework; sourceTree = SDKROOT; };
/* End PBXFileReference section */

/* Begin PBXFrameworksBuildPhase section */
		B7CF8AF21A7020A50017593E /* Frameworks */ = {
			isa = PBXFrameworksBuildPhase;
			buildActionMask = 2147483647;
			files = (
			);
			runOnlyForDeploymentPostprocessing = 0;
		};
/* End PBXFrameworksBuildPhase section */

/* Begin PBXGroup section */
		B7CF8AEC1A7020A50017593E = {
			isa = PBXGroup;
			children = (
				B7CF8B0D1A7057920017593E /* QuartzCore.framework */,
				B7CF8AF71A7020A50017593E /* Benchmarking */,
				B7CF8AF61A7020A50017593E /* Products */,
			);
			sourceTree = "<group>";
		};
		B7CF8AF61A7020A50017593E /* Products */ = {
			isa = PBXGroup;
			children = (
				B7CF8AF51A7020A50017593E /* Benchmarking */,
			);
			name = Products;
			sourceTree = "<group>";
		};
		B7CF8AF71A7020A50017593E /* Benchmarking */ = {
			isa = PBXGroup;
			children = (
				B7CF8AFF1A703BAD0017593E /* MyMutableArray.h */,
				B7CF8B001A703BAD0017593E /* MyMutableArray.m */,
				B7CF8AF81A7020A50017593E /* main.m */,
				A857DF8D1A714FBC00CBF247 /* MyMutableDictionary.h */,
				A857DF8E1A714FBC00CBF247 /* MyMutableDictionary.m */,
				A857DF901A71525D00CBF247 /* _MyMutableDictionaryBucket.h */,
				A857DF911A71525D00CBF247 /* _MyMutableDictionaryBucket.m */,
				A857DF931A71530800CBF247 /* _MyBlockEnumerator.h */,
				A857DF941A71530800CBF247 /* _MyBlockEnumerator.m */,
				A857DF961A7153EE00CBF247 /* MyFixedMutableDictionary.h */,
				A857DF971A7153EE00CBF247 /* MyFixedMutableDictionary.m */,
			);
			path = Benchmarking;
			sourceTree = "<group>";
		};
/* End PBXGroup section */

/* Begin PBXNativeTarget section */
		B7CF8AF41A7020A50017593E /* Benchmarking */ = {
			isa = PBXNativeTarget;
			buildConfigurationList = B7CF8AFC1A7020A50017593E /* Build configuration list for PBXNativeTarget "Benchmarking" */;
			buildPhases = (
				B7CF8AF11A7020A50017593E /* Sources */,
				B7CF8AF21A7020A50017593E /* Frameworks */,
				B7CF8AF31A7020A50017593E /* CopyFiles */,
			);
			buildRules = (
			);
			dependencies = (
			);
			name = Benchmarking;
			productName = Benchmarking;
			productReference = B7CF8AF51A7020A50017593E /* Benchmarking */;
			productType = "com.apple.product-type.tool";
		};
/* End PBXNativeTarget section */

/* Begin PBXProject section */
		B7CF8AED1A7020A50017593E /* Project object */ = {
			isa = PBXProject;
			attributes = {
				LastUpgradeCheck = 0610;
				ORGANIZATIONNAME = "Vlad Mihaylenko";
				TargetAttributes = {
					B7CF8AF41A7020A50017593E = {
						CreatedOnToolsVersion = 6.1.1;
					};
				};
			};
			buildConfigurationList = B7CF8AF01A7020A50017593E /* Build configuration list for PBXProject "Benchmarking" */;
			compatibilityVersion = "Xcode 3.2";
			developmentRegion = English;
			hasScannedForEncodings = 0;
			knownRegions = (
				en,
			);
			mainGroup = B7CF8AEC1A7020A50017593E;
			productRefGroup = B7CF8AF61A7020A50017593E /* Products */;
			projectDirPath = "";
			projectRoot = "";
			targets = (
				B7CF8AF41A7020A50017593E /* Benchmarking */,
			);
		};
/* End PBXProject section */

/* Begin PBXSourcesBuildPhase section */
		B7CF8AF11A7020A50017593E /* Sources */ = {
			isa = PBXSourcesBuildPhase;
			buildActionMask = 2147483647;
			files = (
				B7CF8B011A703BAD0017593E /* MyMutableArray.m in Sources */,
				B7CF8AF91A7020A50017593E /* main.m in Sources */,
				A857DF951A71530800CBF247 /* _MyBlockEnumerator.m in Sources */,
				A857DF921A71525D00CBF247 /* _MyMutableDictionaryBucket.m in Sources */,
				A857DF8F1A714FBC00CBF247 /* MyMutableDictionary.m in Sources */,
				A857DF981A7153EE00CBF247 /* MyFixedMutableDictionary.m in Sources */,
			);
			runOnlyForDeploymentPostprocessing = 0;
		};
/* End PBXSourcesBuildPhase section */

/* Begin XCBuildConfiguration section */
		B7CF8AFA1A7020A50017593E /* Debug */ = {
			isa = XCBuildConfiguration;
			buildSettings = {
				ALWAYS_SEARCH_USER_PATHS = NO;
				CLANG_CXX_LANGUAGE_STANDARD = "gnu++0x";
				CLANG_CXX_LIBRARY = "libc++";
				CLANG_ENABLE_MODULES = YES;
				CLANG_ENABLE_OBJC_ARC = YES;
				CLANG_WARN_BOOL_CONVERSION = YES;
				CLANG_WARN_CONSTANT_CONVERSION = YES;
				CLANG_WARN_DIRECT_OBJC_ISA_USAGE = YES_ERROR;
				CLANG_WARN_EMPTY_BODY = YES;
				CLANG_WARN_ENUM_CONVERSION = YES;
				CLANG_WARN_INT_CONVERSION = YES;
				CLANG_WARN_OBJC_ROOT_CLASS = YES_ERROR;
				CLANG_WARN_UNREACHABLE_CODE = YES;
				CLANG_WARN__DUPLICATE_METHOD_MATCH = YES;
				COPY_PHASE_STRIP = NO;
				ENABLE_STRICT_OBJC_MSGSEND = YES;
				GCC_C_LANGUAGE_STANDARD = gnu99;
				GCC_DYNAMIC_NO_PIC = NO;
				GCC_OPTIMIZATION_LEVEL = 0;
				GCC_PREPROCESSOR_DEFINITIONS = (
					"DEBUG=1",
					"$(inherited)",
				);
				GCC_SYMBOLS_PRIVATE_EXTERN = NO;
				GCC_WARN_64_TO_32_BIT_CONVERSION = YES;
				GCC_WARN_ABOUT_RETURN_TYPE = YES_ERROR;
				GCC_WARN_UNDECLARED_SELECTOR = YES;
				GCC_WARN_UNINITIALIZED_AUTOS = YES_AGGRESSIVE;
				GCC_WARN_UNUSED_FUNCTION = YES;
				GCC_WARN_UNUSED_VARIABLE = YES;
				MACOSX_DEPLOYMENT_TARGET = 10.10;
				MTL_ENABLE_DEBUG_INFO = YES;
				ONLY_ACTIVE_ARCH = YES;
				SDKROOT = macosx;
			};
			name = Debug;
		};
		B7CF8AFB1A7020A50017593E /* Release */ = {
			isa = XCBuildConfiguration;
			buildSettings = {
				ALWAYS_SEARCH_USER_PATHS = NO;
				CLANG_CXX_LANGUAGE_STANDARD = "gnu++0x";
				CLANG_CXX_LIBRARY = "libc++";
				CLANG_ENABLE_MODULES = YES;
				CLANG_ENABLE_OBJC_ARC = YES;
				CLANG_WARN_BOOL_CONVERSION = YES;
				CLANG_WARN_CONSTANT_CONVERSION = YES;
				CLANG_WARN_DIRECT_OBJC_ISA_USAGE = YES_ERROR;
				CLANG_WARN_EMPTY_BODY = YES;
				CLANG_WARN_ENUM_CONVERSION = YES;
				CLANG_WARN_INT_CONVERSION = YES;
				CLANG_WARN_OBJC_ROOT_CLASS = YES_ERROR;
				CLANG_WARN_UNREACHABLE_CODE = YES;
				CLANG_WARN__DUPLICATE_METHOD_MATCH = YES;
				COPY_PHASE_STRIP = YES;
				DEBUG_INFORMATION_FORMAT = "dwarf-with-dsym";
				ENABLE_NS_ASSERTIONS = NO;
				ENABLE_STRICT_OBJC_MSGSEND = YES;
				GCC_C_LANGUAGE_STANDARD = gnu99;
				GCC_WARN_64_TO_32_BIT_CONVERSION = YES;
				GCC_WARN_ABOUT_RETURN_TYPE = YES_ERROR;
				GCC_WARN_UNDECLARED_SELECTOR = YES;
				GCC_WARN_UNINITIALIZED_AUTOS = YES_AGGRESSIVE;
				GCC_WARN_UNUSED_FUNCTION = YES;
				GCC_WARN_UNUSED_VARIABLE = YES;
				MACOSX_DEPLOYMENT_TARGET = 10.10;
				MTL_ENABLE_DEBUG_INFO = NO;
				SDKROOT = macosx;
			};
			name = Release;
		};
		B7CF8AFD1A7020A50017593E /* Debug */ = {
			isa = XCBuildConfiguration;
			buildSettings = {
				PRODUCT_NAME = "$(TARGET_NAME)";
			};
			name = Debug;
		};
		B7CF8AFE1A7020A50017593E /* Release */ = {
			isa = XCBuildConfiguration;
			buildSettings = {
				PRODUCT_NAME = "$(TARGET_NAME)";
			};
			name = Release;
		};
/* End XCBuildConfiguration section */

/* Begin XCConfigurationList section */
		B7CF8AF01A7020A50017593E /* Build configuration list for PBXProject "Benchmarking" */ = {
			isa = XCConfigurationList;
			buildConfigurations = (
				B7CF8AFA1A7020A50017593E /* Debug */,
				B7CF8AFB1A7020A50017593E /* Release */,
			);
			defaultConfigurationIsVisible = 0;
			defaultConfigurationName = Release;
		};
		B7CF8AFC1A7020A50017593E /* Build configuration list for PBXNativeTarget "Benchmarking" */ = {
			isa = XCConfigurationList;
			buildConfigurations = (
				B7CF8AFD1A7020A50017593E /* Debug */,
				B7CF8AFE1A7020A50017593E /* Release */,
			);
			defaultConfigurationIsVisible = 0;
			defaultConfigurationName = Release;
		};
/* End XCConfigurationList section */
	};
	rootObject = B7CF8AED1A7020A50017593E /* Project object */;
}
