// !$*UTF8*$!
{
	archiveVersion = 1;
	classes = {
	};
	objectVersion = 46;
	objects = {

/* Begin PBXBuildFile section */
		A857DF8F1A714FBC00CBF247 /* MyMutableDictionary.m in Sources */ = {isa = PBXBuildFile; fileRef = A857DF8E1A714FBC00CBF247 /* MyMutableDictionary.m */; settings = {COMPILER_FLAGS = "-fno-objc-arc"; }; };
		A857DF921A71525D00CBF247 /* _MyMutableDictionaryBucket.m in Sources */ = {isa = PBXBuildFile; fileRef = A857DF911A71525D00CBF247 /* _MyMutableDictionaryBucket.m */; settings = {COMPILER_FLAGS = "-fno-objc-arc"; }; };
		A857DF951A71530800CBF247 /* _MyBlockEnumerator.m in Sources */ = {isa = PBXBuildFile; fileRef = A857DF941A71530800CBF247 /* _MyBlockEnumerator.m */; settings = {COMPILER_FLAGS = "-fno-objc-arc"; }; };
		A857DF981A7153EE00CBF247 /* MyFixedMutableDictionary.m in Sources */ = {isa = PBXBuildFile; fileRef = A857DF971A7153EE00CBF247 /* MyFixedMutableDictionary.m */; settings = {COMPILER_FLAGS = "-fno-objc-arc"; }; };
		B74011021A7186F0003D8847 /* NSMutableArray+Benchmark.m in Sources */ = {isa = PBXBuildFile; fileRef = B74011011A7186F0003D8847 /* NSMutableArray+Benchmark.m */; };
		B740110A1A719826003D8847 /* MyMutableArray+Benchmark.m in Sources */ = {isa = PBXBuildFile; fileRef = B74011091A719826003D8847 /* MyMutableArray+Benchmark.m */; };
		B740110D1A71999F003D8847 /* MyMutableDictionary+Benchmark.m in Sources */ = {isa = PBXBuildFile; fileRef = B740110C1A71999F003D8847 /* MyMutableDictionary+Benchmark.m */; };
		B74011121A719F74003D8847 /* NSMutableDictionary+Benchmark.m in Sources */ = {isa = PBXBuildFile; fileRef = B74011111A719F74003D8847 /* NSMutableDictionary+Benchmark.m */; };
		B74011161A71A18C003D8847 /* Benchmarker.m in Sources */ = {isa = PBXBuildFile; fileRef = B74011151A71A18C003D8847 /* Benchmarker.m */; };
		B740111D1A71A437003D8847 /* ArrayBenchmarker.m in Sources */ = {isa = PBXBuildFile; fileRef = B740111C1A71A437003D8847 /* ArrayBenchmarker.m */; };
		B74011201A71A495003D8847 /* CustomArrayBenchmarker.m in Sources */ = {isa = PBXBuildFile; fileRef = B740111F1A71A495003D8847 /* CustomArrayBenchmarker.m */; };
		B74011231A71A4E2003D8847 /* DictionaryBenchmarker.m in Sources */ = {isa = PBXBuildFile; fileRef = B74011221A71A4E2003D8847 /* DictionaryBenchmarker.m */; };
		B74011261A71A57C003D8847 /* CustomDictionaryBenchmarker.m in Sources */ = {isa = PBXBuildFile; fileRef = B74011251A71A57C003D8847 /* CustomDictionaryBenchmarker.m */; };
		B7CF8AF91A7020A50017593E /* main.m in Sources */ = {isa = PBXBuildFile; fileRef = B7CF8AF81A7020A50017593E /* main.m */; };
		B7CF8B011A703BAD0017593E /* MyMutableArray.m in Sources */ = {isa = PBXBuildFile; fileRef = B7CF8B001A703BAD0017593E /* MyMutableArray.m */; settings = {COMPILER_FLAGS = "-fno-objc-arc"; }; };
/* End PBXBuildFile section */

/* Begin PBXCopyFilesBuildPhase section */
		B7CF8AF31A7020A50017593E /* CopyFiles */ = {
			isa = PBXCopyFilesBuildPhase;
			buildActionMask = 2147483647;
			dstPath = /usr/share/man/man1/;
			dstSubfolderSpec = 0;
			files = (
			);
			runOnlyForDeploymentPostprocessing = 1;
		};
/* End PBXCopyFilesBuildPhase section */

/* Begin PBXFileReference section */
		A857DF8D1A714FBC00CBF247 /* MyMutableDictionary.h */ = {isa = PBXFileReference; fileEncoding = 4; lastKnownFileType = sourcecode.c.h; path = MyMutableDictionary.h; sourceTree = "<group>"; };
		A857DF8E1A714FBC00CBF247 /* MyMutableDictionary.m */ = {isa = PBXFileReference; fileEncoding = 4; lastKnownFileType = sourcecode.c.objc; path = MyMutableDictionary.m; sourceTree = "<group>"; };
		A857DF901A71525D00CBF247 /* _MyMutableDictionaryBucket.h */ = {isa = PBXFileReference; fileEncoding = 4; lastKnownFileType = sourcecode.c.h; path = _MyMutableDictionaryBucket.h; sourceTree = "<group>"; };
		A857DF911A71525D00CBF247 /* _MyMutableDictionaryBucket.m */ = {isa = PBXFileReference; fileEncoding = 4; lastKnownFileType = sourcecode.c.objc; path = _MyMutableDictionaryBucket.m; sourceTree = "<group>"; };
		A857DF931A71530800CBF247 /* _MyBlockEnumerator.h */ = {isa = PBXFileReference; fileEncoding = 4; lastKnownFileType = sourcecode.c.h; path = _MyBlockEnumerator.h; sourceTree = "<group>"; };
		A857DF941A71530800CBF247 /* _MyBlockEnumerator.m */ = {isa = PBXFileReference; fileEncoding = 4; lastKnownFileType = sourcecode.c.objc; path = _MyBlockEnumerator.m; sourceTree = "<group>"; };
		A857DF961A7153EE00CBF247 /* MyFixedMutableDictionary.h */ = {isa = PBXFileReference; fileEncoding = 4; lastKnownFileType = sourcecode.c.h; path = MyFixedMutableDictionary.h; sourceTree = "<group>"; };
		A857DF971A7153EE00CBF247 /* MyFixedMutableDictionary.m */ = {isa = PBXFileReference; fileEncoding = 4; lastKnownFileType = sourcecode.c.objc; path = MyFixedMutableDictionary.m; sourceTree = "<group>"; };
		B74011001A7186F0003D8847 /* NSMutableArray+Benchmark.h */ = {isa = PBXFileReference; fileEncoding = 4; lastKnownFileType = sourcecode.c.h; path = "NSMutableArray+Benchmark.h"; sourceTree = "<group>"; };
		B74011011A7186F0003D8847 /* NSMutableArray+Benchmark.m */ = {isa = PBXFileReference; fileEncoding = 4; lastKnownFileType = sourcecode.c.objc; path = "NSMutableArray+Benchmark.m"; sourceTree = "<group>"; };
		B74011081A719826003D8847 /* MyMutableArray+Benchmark.h */ = {isa = PBXFileReference; fileEncoding = 4; lastKnownFileType = sourcecode.c.h; path = "MyMutableArray+Benchmark.h"; sourceTree = "<group>"; };
		B74011091A719826003D8847 /* MyMutableArray+Benchmark.m */ = {isa = PBXFileReference; fileEncoding = 4; lastKnownFileType = sourcecode.c.objc; path = "MyMutableArray+Benchmark.m"; sourceTree = "<group>"; };
		B740110B1A71999F003D8847 /* MyMutableDictionary+Benchmark.h */ = {isa = PBXFileReference; fileEncoding = 4; lastKnownFileType = sourcecode.c.h; path = "MyMutableDictionary+Benchmark.h"; sourceTree = "<group>"; };
		B740110C1A71999F003D8847 /* MyMutableDictionary+Benchmark.m */ = {isa = PBXFileReference; fileEncoding = 4; lastKnownFileType = sourcecode.c.objc; path = "MyMutableDictionary+Benchmark.m"; sourceTree = "<group>"; };
		B74011101A719F74003D8847 /* NSMutableDictionary+Benchmark.h */ = {isa = PBXFileReference; fileEncoding = 4; lastKnownFileType = sourcecode.c.h; path = "NSMutableDictionary+Benchmark.h"; sourceTree = "<group>"; };
		B74011111A719F74003D8847 /* NSMutableDictionary+Benchmark.m */ = {isa = PBXFileReference; fileEncoding = 4; lastKnownFileType = sourcecode.c.objc; path = "NSMutableDictionary+Benchmark.m"; sourceTree = "<group>"; };
		B74011141A71A18C003D8847 /* Benchmarker.h */ = {isa = PBXFileReference; fileEncoding = 4; lastKnownFileType = sourcecode.c.h; path = Benchmarker.h; sourceTree = "<group>"; };
		B74011151A71A18C003D8847 /* Benchmarker.m */ = {isa = PBXFileReference; fileEncoding = 4; lastKnownFileType = sourcecode.c.objc; path = Benchmarker.m; sourceTree = "<group>"; };
		B740111B1A71A437003D8847 /* ArrayBenchmarker.h */ = {isa = PBXFileReference; fileEncoding = 4; lastKnownFileType = sourcecode.c.h; path = ArrayBenchmarker.h; sourceTree = "<group>"; };
		B740111C1A71A437003D8847 /* ArrayBenchmarker.m */ = {isa = PBXFileReference; fileEncoding = 4; lastKnownFileType = sourcecode.c.objc; path = ArrayBenchmarker.m; sourceTree = "<group>"; };
		B740111E1A71A495003D8847 /* CustomArrayBenchmarker.h */ = {isa = PBXFileReference; fileEncoding = 4; lastKnownFileType = sourcecode.c.h; path = CustomArrayBenchmarker.h; sourceTree = "<group>"; };
		B740111F1A71A495003D8847 /* CustomArrayBenchmarker.m */ = {isa = PBXFileReference; fileEncoding = 4; lastKnownFileType = sourcecode.c.objc; path = CustomArrayBenchmarker.m; sourceTree = "<group>"; };
		B74011211A71A4E2003D8847 /* DictionaryBenchmarker.h */ = {isa = PBXFileReference; fileEncoding = 4; lastKnownFileType = sourcecode.c.h; path = DictionaryBenchmarker.h; sourceTree = "<group>"; };
		B74011221A71A4E2003D8847 /* DictionaryBenchmarker.m */ = {isa = PBXFileReference; fileEncoding = 4; lastKnownFileType = sourcecode.c.objc; path = DictionaryBenchmarker.m; sourceTree = "<group>"; };
		B74011241A71A57C003D8847 /* CustomDictionaryBenchmarker.h */ = {isa = PBXFileReference; fileEncoding = 4; lastKnownFileType = sourcecode.c.h; path = CustomDictionaryBenchmarker.h; sourceTree = "<group>"; };
		B74011251A71A57C003D8847 /* CustomDictionaryBenchmarker.m */ = {isa = PBXFileReference; fileEncoding = 4; lastKnownFileType = sourcecode.c.objc; path = CustomDictionaryBenchmarker.m; sourceTree = "<group>"; };
		B7CF8AF51A7020A50017593E /* Benchmarking */ = {isa = PBXFileReference; explicitFileType = "compiled.mach-o.executable"; includeInIndex = 0; path = Benchmarking; sourceTree = BUILT_PRODUCTS_DIR; };
		B7CF8AF81A7020A50017593E /* main.m */ = {isa = PBXFileReference; lastKnownFileType = sourcecode.c.objc; path = main.m; sourceTree = "<group>"; };
		B7CF8AFF1A703BAD0017593E /* MyMutableArray.h */ = {isa = PBXFileReference; fileEncoding = 4; lastKnownFileType = sourcecode.c.h; path = MyMutableArray.h; sourceTree = "<group>"; };
		B7CF8B001A703BAD0017593E /* MyMutableArray.m */ = {isa = PBXFileReference; fileEncoding = 4; lastKnownFileType = sourcecode.c.objc; path = MyMutableArray.m; sourceTree = "<group>"; };
/* End PBXFileReference section */

/* Begin PBXFrameworksBuildPhase section */
		B7CF8AF21A7020A50017593E /* Frameworks */ = {
			isa = PBXFrameworksBuildPhase;
			buildActionMask = 2147483647;
			files = (
			);
			runOnlyForDeploymentPostprocessing = 0;
		};
/* End PBXFrameworksBuildPhase section */

/* Begin PBXGroup section */
		B74010FE1A7186BE003D8847 /* MutableDictionary */ = {
			isa = PBXGroup;
			children = (
				B740110F1A719F45003D8847 /* NS */,
				B740110E1A719F3E003D8847 /* My */,
			);
			name = MutableDictionary;
			sourceTree = "<group>";
		};
		B74010FF1A7186C9003D8847 /* MutableArray */ = {
			isa = PBXGroup;
			children = (
				B74011071A71980E003D8847 /* My */,
				B74011061A719803003D8847 /* NS */,
			);
			name = MutableArray;
			sourceTree = "<group>";
		};
		B74011061A719803003D8847 /* NS */ = {
			isa = PBXGroup;
			children = (
				B74011181A71A265003D8847 /* Benchmark */,
			);
			name = NS;
			sourceTree = "<group>";
		};
		B74011071A71980E003D8847 /* My */ = {
			isa = PBXGroup;
			children = (
				B7CF8AFF1A703BAD0017593E /* MyMutableArray.h */,
				B7CF8B001A703BAD0017593E /* MyMutableArray.m */,
				B74011171A71A249003D8847 /* Benchmark */,
			);
			name = My;
			sourceTree = "<group>";
		};
		B740110E1A719F3E003D8847 /* My */ = {
			isa = PBXGroup;
			children = (
				A857DF8D1A714FBC00CBF247 /* MyMutableDictionary.h */,
				A857DF8E1A714FBC00CBF247 /* MyMutableDictionary.m */,
				A857DF901A71525D00CBF247 /* _MyMutableDictionaryBucket.h */,
				A857DF911A71525D00CBF247 /* _MyMutableDictionaryBucket.m */,
				A857DF931A71530800CBF247 /* _MyBlockEnumerator.h */,
				A857DF941A71530800CBF247 /* _MyBlockEnumerator.m */,
				A857DF961A7153EE00CBF247 /* MyFixedMutableDictionary.h */,
				A857DF971A7153EE00CBF247 /* MyFixedMutableDictionary.m */,
				B740111A1A71A27F003D8847 /* Benchmark */,
			);
			name = My;
			sourceTree = "<group>";
		};
		B740110F1A719F45003D8847 /* NS */ = {
			isa = PBXGroup;
			children = (
				B74011191A71A271003D8847 /* Benchmark */,
			);
			name = NS;
			sourceTree = "<group>";
		};
		B74011131A71A172003D8847 /* Benchmarker */ = {
			isa = PBXGroup;
			children = (
				B74011271A71AA2A003D8847 /* Worker */,
			);
			name = Benchmarker;
			sourceTree = "<group>";
		};
		B74011171A71A249003D8847 /* Benchmark */ = {
			isa = PBXGroup;
			children = (
				B74011081A719826003D8847 /* MyMutableArray+Benchmark.h */,
				B74011091A719826003D8847 /* MyMutableArray+Benchmark.m */,
			);
			name = Benchmark;
			sourceTree = "<group>";
		};
		B74011181A71A265003D8847 /* Benchmark */ = {
			isa = PBXGroup;
			children = (
				B74011001A7186F0003D8847 /* NSMutableArray+Benchmark.h */,
				B74011011A7186F0003D8847 /* NSMutableArray+Benchmark.m */,
			);
			name = Benchmark;
			sourceTree = "<group>";
		};
		B74011191A71A271003D8847 /* Benchmark */ = {
			isa = PBXGroup;
			children = (
				B74011101A719F74003D8847 /* NSMutableDictionary+Benchmark.h */,
				B74011111A719F74003D8847 /* NSMutableDictionary+Benchmark.m */,
			);
			name = Benchmark;
			sourceTree = "<group>";
		};
		B740111A1A71A27F003D8847 /* Benchmark */ = {
			isa = PBXGroup;
			children = (
				B740110B1A71999F003D8847 /* MyMutableDictionary+Benchmark.h */,
				B740110C1A71999F003D8847 /* MyMutableDictionary+Benchmark.m */,
			);
			name = Benchmark;
			sourceTree = "<group>";
		};
		B74011271A71AA2A003D8847 /* Worker */ = {
			isa = PBXGroup;
			children = (
				B74011141A71A18C003D8847 /* Benchmarker.h */,
				B74011151A71A18C003D8847 /* Benchmarker.m */,
				B740111B1A71A437003D8847 /* ArrayBenchmarker.h */,
				B740111C1A71A437003D8847 /* ArrayBenchmarker.m */,
				B740111E1A71A495003D8847 /* CustomArrayBenchmarker.h */,
				B740111F1A71A495003D8847 /* CustomArrayBenchmarker.m */,
				B74011211A71A4E2003D8847 /* DictionaryBenchmarker.h */,
				B74011221A71A4E2003D8847 /* DictionaryBenchmarker.m */,
				B74011241A71A57C003D8847 /* CustomDictionaryBenchmarker.h */,
				B74011251A71A57C003D8847 /* CustomDictionaryBenchmarker.m */,
			);
			name = Worker;
			sourceTree = "<group>";
		};
		B7CF8AEC1A7020A50017593E = {
			isa = PBXGroup;
			children = (
				B7CF8AF71A7020A50017593E /* Benchmarking */,
				B7CF8AF61A7020A50017593E /* Products */,
			);
			sourceTree = "<group>";
		};
		B7CF8AF61A7020A50017593E /* Products */ = {
			isa = PBXGroup;
			children = (
				B7CF8AF51A7020A50017593E /* Benchmarking */,
			);
			name = Products;
			sourceTree = "<group>";
		};
		B7CF8AF71A7020A50017593E /* Benchmarking */ = {
			isa = PBXGroup;
			children = (
				B7CF8AF81A7020A50017593E /* main.m */,
				B74010FF1A7186C9003D8847 /* MutableArray */,
				B74010FE1A7186BE003D8847 /* MutableDictionary */,
				B74011131A71A172003D8847 /* Benchmarker */,
			);
			path = Benchmarking;
			sourceTree = "<group>";
		};
/* End PBXGroup section */

/* Begin PBXNativeTarget section */
		B7CF8AF41A7020A50017593E /* Benchmarking */ = {
			isa = PBXNativeTarget;
			buildConfigurationList = B7CF8AFC1A7020A50017593E /* Build configuration list for PBXNativeTarget "Benchmarking" */;
			buildPhases = (
				B7CF8AF11A7020A50017593E /* Sources */,
				B7CF8AF21A7020A50017593E /* Frameworks */,
				B7CF8AF31A7020A50017593E /* CopyFiles */,
			);
			buildRules = (
			);
			dependencies = (
			);
			name = Benchmarking;
			productName = Benchmarking;
			productReference = B7CF8AF51A7020A50017593E /* Benchmarking */;
			productType = "com.apple.product-type.tool";
		};
/* End PBXNativeTarget section */

/* Begin PBXProject section */
		B7CF8AED1A7020A50017593E /* Project object */ = {
			isa = PBXProject;
			attributes = {
				LastUpgradeCheck = 0610;
				ORGANIZATIONNAME = "Vlad Mihaylenko";
				TargetAttributes = {
					B7CF8AF41A7020A50017593E = {
						CreatedOnToolsVersion = 6.1.1;
					};
				};
			};
			buildConfigurationList = B7CF8AF01A7020A50017593E /* Build configuration list for PBXProject "Benchmarking" */;
			compatibilityVersion = "Xcode 3.2";
			developmentRegion = English;
			hasScannedForEncodings = 0;
			knownRegions = (
				en,
			);
			mainGroup = B7CF8AEC1A7020A50017593E;
			productRefGroup = B7CF8AF61A7020A50017593E /* Products */;
			projectDirPath = "";
			projectRoot = "";
			targets = (
				B7CF8AF41A7020A50017593E /* Benchmarking */,
			);
		};
/* End PBXProject section */

/* Begin PBXSourcesBuildPhase section */
		B7CF8AF11A7020A50017593E /* Sources */ = {
			isa = PBXSourcesBuildPhase;
			buildActionMask = 2147483647;
			files = (
				B7CF8B011A703BAD0017593E /* MyMutableArray.m in Sources */,
				B74011201A71A495003D8847 /* CustomArrayBenchmarker.m in Sources */,
				B7CF8AF91A7020A50017593E /* main.m in Sources */,
				B740111D1A71A437003D8847 /* ArrayBenchmarker.m in Sources */,
				B740110A1A719826003D8847 /* MyMutableArray+Benchmark.m in Sources */,
				B74011161A71A18C003D8847 /* Benchmarker.m in Sources */,
				B74011261A71A57C003D8847 /* CustomDictionaryBenchmarker.m in Sources */,
				A857DF951A71530800CBF247 /* _MyBlockEnumerator.m in Sources */,
				A857DF921A71525D00CBF247 /* _MyMutableDictionaryBucket.m in Sources */,
				B74011021A7186F0003D8847 /* NSMutableArray+Benchmark.m in Sources */,
				A857DF8F1A714FBC00CBF247 /* MyMutableDictionary.m in Sources */,
				B74011121A719F74003D8847 /* NSMutableDictionary+Benchmark.m in Sources */,
				A857DF981A7153EE00CBF247 /* MyFixedMutableDictionary.m in Sources */,
				B74011231A71A4E2003D8847 /* DictionaryBenchmarker.m in Sources */,
				B740110D1A71999F003D8847 /* MyMutableDictionary+Benchmark.m in Sources */,
			);
			runOnlyForDeploymentPostprocessing = 0;
		};
/* End PBXSourcesBuildPhase section */

/* Begin XCBuildConfiguration section */
		B7CF8AFA1A7020A50017593E /* Debug */ = {
			isa = XCBuildConfiguration;
			buildSettings = {
				ALWAYS_SEARCH_USER_PATHS = NO;
				CLANG_CXX_LANGUAGE_STANDARD = "gnu++0x";
				CLANG_CXX_LIBRARY = "libc++";
				CLANG_ENABLE_MODULES = YES;
				CLANG_ENABLE_OBJC_ARC = YES;
				CLANG_WARN_BOOL_CONVERSION = YES;
				CLANG_WARN_CONSTANT_CONVERSION = YES;
				CLANG_WARN_DIRECT_OBJC_ISA_USAGE = YES_ERROR;
				CLANG_WARN_EMPTY_BODY = YES;
				CLANG_WARN_ENUM_CONVERSION = YES;
				CLANG_WARN_INT_CONVERSION = YES;
				CLANG_WARN_OBJC_ROOT_CLASS = YES_ERROR;
				CLANG_WARN_UNREACHABLE_CODE = YES;
				CLANG_WARN__DUPLICATE_METHOD_MATCH = YES;
				COPY_PHASE_STRIP = NO;
				ENABLE_STRICT_OBJC_MSGSEND = YES;
				GCC_C_LANGUAGE_STANDARD = gnu99;
				GCC_DYNAMIC_NO_PIC = NO;
				GCC_OPTIMIZATION_LEVEL = 0;
				GCC_PREPROCESSOR_DEFINITIONS = (
					"DEBUG=1",
					"$(inherited)",
				);
				GCC_SYMBOLS_PRIVATE_EXTERN = NO;
				GCC_WARN_64_TO_32_BIT_CONVERSION = YES;
				GCC_WARN_ABOUT_RETURN_TYPE = YES_ERROR;
				GCC_WARN_UNDECLARED_SELECTOR = YES;
				GCC_WARN_UNINITIALIZED_AUTOS = YES_AGGRESSIVE;
				GCC_WARN_UNUSED_FUNCTION = YES;
				GCC_WARN_UNUSED_VARIABLE = YES;
				MACOSX_DEPLOYMENT_TARGET = 10.10;
				MTL_ENABLE_DEBUG_INFO = YES;
				ONLY_ACTIVE_ARCH = YES;
				SDKROOT = macosx;
			};
			name = Debug;
		};
		B7CF8AFB1A7020A50017593E /* Release */ = {
			isa = XCBuildConfiguration;
			buildSettings = {
				ALWAYS_SEARCH_USER_PATHS = NO;
				CLANG_CXX_LANGUAGE_STANDARD = "gnu++0x";
				CLANG_CXX_LIBRARY = "libc++";
				CLANG_ENABLE_MODULES = YES;
				CLANG_ENABLE_OBJC_ARC = YES;
				CLANG_WARN_BOOL_CONVERSION = YES;
				CLANG_WARN_CONSTANT_CONVERSION = YES;
				CLANG_WARN_DIRECT_OBJC_ISA_USAGE = YES_ERROR;
				CLANG_WARN_EMPTY_BODY = YES;
				CLANG_WARN_ENUM_CONVERSION = YES;
				CLANG_WARN_INT_CONVERSION = YES;
				CLANG_WARN_OBJC_ROOT_CLASS = YES_ERROR;
				CLANG_WARN_UNREACHABLE_CODE = YES;
				CLANG_WARN__DUPLICATE_METHOD_MATCH = YES;
				COPY_PHASE_STRIP = YES;
				DEBUG_INFORMATION_FORMAT = "dwarf-with-dsym";
				ENABLE_NS_ASSERTIONS = NO;
				ENABLE_STRICT_OBJC_MSGSEND = YES;
				GCC_C_LANGUAGE_STANDARD = gnu99;
				GCC_WARN_64_TO_32_BIT_CONVERSION = YES;
				GCC_WARN_ABOUT_RETURN_TYPE = YES_ERROR;
				GCC_WARN_UNDECLARED_SELECTOR = YES;
				GCC_WARN_UNINITIALIZED_AUTOS = YES_AGGRESSIVE;
				GCC_WARN_UNUSED_FUNCTION = YES;
				GCC_WARN_UNUSED_VARIABLE = YES;
				MACOSX_DEPLOYMENT_TARGET = 10.10;
				MTL_ENABLE_DEBUG_INFO = NO;
				SDKROOT = macosx;
			};
			name = Release;
		};
		B7CF8AFD1A7020A50017593E /* Debug */ = {
			isa = XCBuildConfiguration;
			buildSettings = {
				GCC_PRECOMPILE_PREFIX_HEADER = NO;
				GCC_PREFIX_HEADER = "";
				PRODUCT_NAME = "$(TARGET_NAME)";
			};
			name = Debug;
		};
		B7CF8AFE1A7020A50017593E /* Release */ = {
			isa = XCBuildConfiguration;
			buildSettings = {
				GCC_PRECOMPILE_PREFIX_HEADER = NO;
				GCC_PREFIX_HEADER = "";
				PRODUCT_NAME = "$(TARGET_NAME)";
			};
			name = Release;
		};
/* End XCBuildConfiguration section */

/* Begin XCConfigurationList section */
		B7CF8AF01A7020A50017593E /* Build configuration list for PBXProject "Benchmarking" */ = {
			isa = XCConfigurationList;
			buildConfigurations = (
				B7CF8AFA1A7020A50017593E /* Debug */,
				B7CF8AFB1A7020A50017593E /* Release */,
			);
			defaultConfigurationIsVisible = 0;
			defaultConfigurationName = Release;
		};
		B7CF8AFC1A7020A50017593E /* Build configuration list for PBXNativeTarget "Benchmarking" */ = {
			isa = XCConfigurationList;
			buildConfigurations = (
				B7CF8AFD1A7020A50017593E /* Debug */,
				B7CF8AFE1A7020A50017593E /* Release */,
			);
			defaultConfigurationIsVisible = 0;
			defaultConfigurationName = Release;
		};
/* End XCConfigurationList section */
	};
	rootObject = B7CF8AED1A7020A50017593E /* Project object */;
}
